
Microsoft Visual Studio Solution File, Format Version 12.00
# Visual Studio Version 17
VisualStudioVersion = 17.0.32112.339
MinimumVisualStudioVersion = 10.0.40219.1
Project("{9A19103F-16F7-4668-BE54-9A1E7A4F7556}") = "TaskTracker.Api", "TaskTracker.Api\TaskTracker.Api.csproj", "{27B891C4-D3D7-4042-AF28-73361A0B7DEC}"
EndProject
Project("{9A19103F-16F7-4668-BE54-9A1E7A4F7556}") = "TaskTracker.Model", "TaskTracker.Model\TaskTracker.Model.csproj", "{63F8AA49-E9F9-4869-AA96-A98503260027}"
EndProject
Project("{9A19103F-16F7-4668-BE54-9A1E7A4F7556}") = "TaskTracker.Data", "TaskTracker.Data\TaskTracker.Data.csproj", "{B799F109-75FC-47A0-9758-3D10D82C3D51}"
EndProject
Project("{9A19103F-16F7-4668-BE54-9A1E7A4F7556}") = "TaskTracker.Utility", "TaskTracker.Utility\TaskTracker.Utility.csproj", "{06C7C712-C33C-4EB6-984C-1CDFFE4B293E}"
EndProject
Project("{FAE04EC0-301F-11D3-BF4B-00C04F79EFBC}") = "TaskTracker.Tests", "TaskTracker.Tests\TaskTracker.Tests.csproj", "{525C18C7-5184-49F4-A87A-4C59A1E917B9}"
EndProject
Global
	GlobalSection(SolutionConfigurationPlatforms) = preSolution
		Debug|Any CPU = Debug|Any CPU
		Release|Any CPU = Release|Any CPU
	EndGlobalSection
	GlobalSection(ProjectConfigurationPlatforms) = postSolution
		{27B891C4-D3D7-4042-AF28-73361A0B7DEC}.Debug|Any CPU.ActiveCfg = Debug|Any CPU
		{27B891C4-D3D7-4042-AF28-73361A0B7DEC}.Debug|Any CPU.Build.0 = Debug|Any CPU
		{27B891C4-D3D7-4042-AF28-73361A0B7DEC}.Release|Any CPU.ActiveCfg = Release|Any CPU
		{27B891C4-D3D7-4042-AF28-73361A0B7DEC}.Release|Any CPU.Build.0 = Release|Any CPU
		{63F8AA49-E9F9-4869-AA96-A98503260027}.Debug|Any CPU.ActiveCfg = Debug|Any CPU
		{63F8AA49-E9F9-4869-AA96-A98503260027}.Debug|Any CPU.Build.0 = Debug|Any CPU
		{63F8AA49-E9F9-4869-AA96-A98503260027}.Release|Any CPU.ActiveCfg = Release|Any CPU
		{63F8AA49-E9F9-4869-AA96-A98503260027}.Release|Any CPU.Build.0 = Release|Any CPU
		{B799F109-75FC-47A0-9758-3D10D82C3D51}.Debug|Any CPU.ActiveCfg = Debug|Any CPU
		{B799F109-75FC-47A0-9758-3D10D82C3D51}.Debug|Any CPU.Build.0 = Debug|Any CPU
		{B799F109-75FC-47A0-9758-3D10D82C3D51}.Release|Any CPU.ActiveCfg = Release|Any CPU
		{B799F109-75FC-47A0-9758-3D10D82C3D51}.Release|Any CPU.Build.0 = Release|Any CPU
		{06C7C712-C33C-4EB6-984C-1CDFFE4B293E}.Debug|Any CPU.ActiveCfg = Debug|Any CPU
		{06C7C712-C33C-4EB6-984C-1CDFFE4B293E}.Debug|Any CPU.Build.0 = Debug|Any CPU
		{06C7C712-C33C-4EB6-984C-1CDFFE4B293E}.Release|Any CPU.ActiveCfg = Release|Any CPU
		{06C7C712-C33C-4EB6-984C-1CDFFE4B293E}.Release|Any CPU.Build.0 = Release|Any CPU
		{525C18C7-5184-49F4-A87A-4C59A1E917B9}.Debug|Any CPU.ActiveCfg = Debug|Any CPU
		{525C18C7-5184-49F4-A87A-4C59A1E917B9}.Debug|Any CPU.Build.0 = Debug|Any CPU
		{525C18C7-5184-49F4-A87A-4C59A1E917B9}.Release|Any CPU.ActiveCfg = Release|Any CPU
		{525C18C7-5184-49F4-A87A-4C59A1E917B9}.Release|Any CPU.Build.0 = Release|Any CPU
	EndGlobalSection
	GlobalSection(SolutionProperties) = preSolution
		HideSolutionNode = FALSE
	EndGlobalSection
	GlobalSection(ExtensibilityGlobals) = postSolution
		SolutionGuid = {07B4C0FC-3FD4-472B-9DC5-28CECEFD7D06}
	EndGlobalSection
EndGlobal
